
Microsoft Visual Studio Solution File, Format Version 12.00
# Visual Studio Version 17
VisualStudioVersion = 17.8.34309.116
MinimumVisualStudioVersion = 10.0.40219.1
Project("{FAE04EC0-301F-11D3-BF4B-00C04F79EFBC}") = "ExamWebApplication2", "ExamWebApplication2\ExamWebApplication2.csproj", "{DE31D904-9372-4CDF-92A2-679B129D46F5}"
EndProject
Global
	GlobalSection(SolutionConfigurationPlatforms) = preSolution
		Debug|Any CPU = Debug|Any CPU
		Release|Any CPU = Release|Any CPU
	EndGlobalSection
	GlobalSection(ProjectConfigurationPlatforms) = postSolution
		{DE31D904-9372-4CDF-92A2-679B129D46F5}.Debug|Any CPU.ActiveCfg = Debug|Any CPU
		{DE31D904-9372-4CDF-92A2-679B129D46F5}.Debug|Any CPU.Build.0 = Debug|Any CPU
		{DE31D904-9372-4CDF-92A2-679B129D46F5}.Release|Any CPU.ActiveCfg = Release|Any CPU
		{DE31D904-9372-4CDF-92A2-679B129D46F5}.Release|Any CPU.Build.0 = Release|Any CPU
	EndGlobalSection
	GlobalSection(SolutionProperties) = preSolution
		HideSolutionNode = FALSE
	EndGlobalSection
	GlobalSection(ExtensibilityGlobals) = postSolution
		SolutionGuid = {468B3A72-BFB0-4D3F-A8A3-BDBBAB30971A}
	EndGlobalSection
EndGlobal
